
Microsoft Visual Studio Solution File, Format Version 12.00
# Visual Studio Version 17
VisualStudioVersion = 17.5.33414.496
MinimumVisualStudioVersion = 10.0.40219.1
Project("{FAE04EC0-301F-11D3-BF4B-00C04F79EFBC}") = "Sobee", "Sobee\Sobee.csproj", "{9F29CD32-2158-4F6D-B191-0215739F646B}"
EndProject
Project("{FAE04EC0-301F-11D3-BF4B-00C04F79EFBC}") = "Sobee.Network", "Sobee.Network\Sobee.Network.csproj", "{20ECD080-2E5B-4523-9397-C08D4520719C}"
EndProject
Project("{FAE04EC0-301F-11D3-BF4B-00C04F79EFBC}") = "Sobee.Common", "Sobee.Common\Sobee.Common.csproj", "{3DDE7D83-02FB-4410-B3D2-82CBBFAF6235}"
EndProject
Project("{FAE04EC0-301F-11D3-BF4B-00C04F79EFBC}") = "Sobee.Serialization", "Sobee.Serialization\Sobee.Serialization.csproj", "{C6351104-11A0-41D7-8FCA-045DD2DF9E0F}"
EndProject
Project("{FAE04EC0-301F-11D3-BF4B-00C04F79EFBC}") = "Sobee.Tasks", "Sobee.Tasks\Sobee.Tasks.csproj", "{76399949-CEB3-4A33-93C6-CA111A3D6F71}"
EndProject
Project("{FAE04EC0-301F-11D3-BF4B-00C04F79EFBC}") = "Sobee.TestServer.Messages", "Sobee.TestServer.Messages\Sobee.TestServer.Messages.csproj", "{F8D68E0F-2333-42EB-50D5-E5F586434167}"
EndProject
Project("{FAE04EC0-301F-11D3-BF4B-00C04F79EFBC}") = "Sobee.TestServer", "Sobee.TestServer\Sobee.TestServer.csproj", "{DC31DBBB-CE20-4B32-A4F9-EAD6271D5A23}"
EndProject
Global
	GlobalSection(SolutionConfigurationPlatforms) = preSolution
		Debug|Any CPU = Debug|Any CPU
		Release|Any CPU = Release|Any CPU
	EndGlobalSection
	GlobalSection(ProjectConfigurationPlatforms) = postSolution
		{9F29CD32-2158-4F6D-B191-0215739F646B}.Debug|Any CPU.ActiveCfg = Debug|Any CPU
		{9F29CD32-2158-4F6D-B191-0215739F646B}.Debug|Any CPU.Build.0 = Debug|Any CPU
		{9F29CD32-2158-4F6D-B191-0215739F646B}.Release|Any CPU.ActiveCfg = Release|Any CPU
		{9F29CD32-2158-4F6D-B191-0215739F646B}.Release|Any CPU.Build.0 = Release|Any CPU
		{20ECD080-2E5B-4523-9397-C08D4520719C}.Debug|Any CPU.ActiveCfg = Debug|Any CPU
		{20ECD080-2E5B-4523-9397-C08D4520719C}.Debug|Any CPU.Build.0 = Debug|Any CPU
		{20ECD080-2E5B-4523-9397-C08D4520719C}.Release|Any CPU.ActiveCfg = Release|Any CPU
		{20ECD080-2E5B-4523-9397-C08D4520719C}.Release|Any CPU.Build.0 = Release|Any CPU
		{3DDE7D83-02FB-4410-B3D2-82CBBFAF6235}.Debug|Any CPU.ActiveCfg = Debug|Any CPU
		{3DDE7D83-02FB-4410-B3D2-82CBBFAF6235}.Debug|Any CPU.Build.0 = Debug|Any CPU
		{3DDE7D83-02FB-4410-B3D2-82CBBFAF6235}.Release|Any CPU.ActiveCfg = Release|Any CPU
		{3DDE7D83-02FB-4410-B3D2-82CBBFAF6235}.Release|Any CPU.Build.0 = Release|Any CPU
		{C6351104-11A0-41D7-8FCA-045DD2DF9E0F}.Debug|Any CPU.ActiveCfg = Debug|Any CPU
		{C6351104-11A0-41D7-8FCA-045DD2DF9E0F}.Debug|Any CPU.Build.0 = Debug|Any CPU
		{C6351104-11A0-41D7-8FCA-045DD2DF9E0F}.Release|Any CPU.ActiveCfg = Release|Any CPU
		{C6351104-11A0-41D7-8FCA-045DD2DF9E0F}.Release|Any CPU.Build.0 = Release|Any CPU
		{76399949-CEB3-4A33-93C6-CA111A3D6F71}.Debug|Any CPU.ActiveCfg = Debug|Any CPU
		{76399949-CEB3-4A33-93C6-CA111A3D6F71}.Debug|Any CPU.Build.0 = Debug|Any CPU
		{76399949-CEB3-4A33-93C6-CA111A3D6F71}.Release|Any CPU.ActiveCfg = Release|Any CPU
		{76399949-CEB3-4A33-93C6-CA111A3D6F71}.Release|Any CPU.Build.0 = Release|Any CPU
		{F8D68E0F-2333-42EB-50D5-E5F586434167}.Debug|Any CPU.ActiveCfg = Debug|Any CPU
		{F8D68E0F-2333-42EB-50D5-E5F586434167}.Debug|Any CPU.Build.0 = Debug|Any CPU
		{F8D68E0F-2333-42EB-50D5-E5F586434167}.Release|Any CPU.ActiveCfg = Release|Any CPU
		{F8D68E0F-2333-42EB-50D5-E5F586434167}.Release|Any CPU.Build.0 = Release|Any CPU
		{DC31DBBB-CE20-4B32-A4F9-EAD6271D5A23}.Debug|Any CPU.ActiveCfg = Debug|Any CPU
		{DC31DBBB-CE20-4B32-A4F9-EAD6271D5A23}.Debug|Any CPU.Build.0 = Debug|Any CPU
		{DC31DBBB-CE20-4B32-A4F9-EAD6271D5A23}.Release|Any CPU.ActiveCfg = Release|Any CPU
		{DC31DBBB-CE20-4B32-A4F9-EAD6271D5A23}.Release|Any CPU.Build.0 = Release|Any CPU
	EndGlobalSection
	GlobalSection(SolutionProperties) = preSolution
		HideSolutionNode = FALSE
	EndGlobalSection
	GlobalSection(ExtensibilityGlobals) = postSolution
		SolutionGuid = {E54B1B78-6ADC-40F9-8FEB-9990F0597723}
	EndGlobalSection
EndGlobal
